
Microsoft Visual Studio Solution File, Format Version 12.00
# Visual Studio Version 17
VisualStudioVersion = 17.5.33516.290
MinimumVisualStudioVersion = 10.0.40219.1
Project("{FAE04EC0-301F-11D3-BF4B-00C04F79EFBC}") = "Oops_concepts_Csharp", "Oops_concepts_Csharp\Oops_concepts_Csharp.csproj", "{8E88591A-5D89-4A53-960A-A79B0511603D}"
EndProject
Global
	GlobalSection(SolutionConfigurationPlatforms) = preSolution
		Debug|Any CPU = Debug|Any CPU
		Release|Any CPU = Release|Any CPU
	EndGlobalSection
	GlobalSection(ProjectConfigurationPlatforms) = postSolution
		{8E88591A-5D89-4A53-960A-A79B0511603D}.Debug|Any CPU.ActiveCfg = Debug|Any CPU
		{8E88591A-5D89-4A53-960A-A79B0511603D}.Debug|Any CPU.Build.0 = Debug|Any CPU
		{8E88591A-5D89-4A53-960A-A79B0511603D}.Release|Any CPU.ActiveCfg = Release|Any CPU
		{8E88591A-5D89-4A53-960A-A79B0511603D}.Release|Any CPU.Build.0 = Release|Any CPU
	EndGlobalSection
	GlobalSection(SolutionProperties) = preSolution
		HideSolutionNode = FALSE
	EndGlobalSection
	GlobalSection(ExtensibilityGlobals) = postSolution
		SolutionGuid = {46113B02-8B60-4AB3-A800-749D9F904C0D}
	EndGlobalSection
EndGlobal
