
Microsoft Visual Studio Solution File, Format Version 12.00
# Visual Studio Version 17
VisualStudioVersion = 17.5.33516.290
MinimumVisualStudioVersion = 10.0.40219.1
Project("{FAE04EC0-301F-11D3-BF4B-00C04F79EFBC}") = "Oops_concepts_Csharp", "Oops_concepts_Csharp\Oops_concepts_Csharp.csproj", "{8E88591A-5D89-4A53-960A-A79B0511603D}"
EndProject
Project("{FAE04EC0-301F-11D3-BF4B-00C04F79EFBC}") = "Events_Delegates_LamdaExpression_Using_C#", "Events_Delegates_LamdaExpression_Using_C#\Events_Delegates_LamdaExpression_Using_C#.csproj", "{37D51AF8-FBC2-4B9E-8749-DB1931353EEC}"
EndProject
Project("{FAE04EC0-301F-11D3-BF4B-00C04F79EFBC}") = "MultiThreading_NET", "MultiThreading_NET\MultiThreading_NET.csproj", "{2EA6872A-2EA2-4287-8288-E19E86BA009E}"
EndProject
Global
	GlobalSection(SolutionConfigurationPlatforms) = preSolution
		Debug|Any CPU = Debug|Any CPU
		Release|Any CPU = Release|Any CPU
	EndGlobalSection
	GlobalSection(ProjectConfigurationPlatforms) = postSolution
		{8E88591A-5D89-4A53-960A-A79B0511603D}.Debug|Any CPU.ActiveCfg = Debug|Any CPU
		{8E88591A-5D89-4A53-960A-A79B0511603D}.Debug|Any CPU.Build.0 = Debug|Any CPU
		{8E88591A-5D89-4A53-960A-A79B0511603D}.Release|Any CPU.ActiveCfg = Release|Any CPU
		{8E88591A-5D89-4A53-960A-A79B0511603D}.Release|Any CPU.Build.0 = Release|Any CPU
		{37D51AF8-FBC2-4B9E-8749-DB1931353EEC}.Debug|Any CPU.ActiveCfg = Debug|Any CPU
		{37D51AF8-FBC2-4B9E-8749-DB1931353EEC}.Debug|Any CPU.Build.0 = Debug|Any CPU
		{37D51AF8-FBC2-4B9E-8749-DB1931353EEC}.Release|Any CPU.ActiveCfg = Release|Any CPU
		{37D51AF8-FBC2-4B9E-8749-DB1931353EEC}.Release|Any CPU.Build.0 = Release|Any CPU
		{2EA6872A-2EA2-4287-8288-E19E86BA009E}.Debug|Any CPU.ActiveCfg = Debug|Any CPU
		{2EA6872A-2EA2-4287-8288-E19E86BA009E}.Debug|Any CPU.Build.0 = Debug|Any CPU
		{2EA6872A-2EA2-4287-8288-E19E86BA009E}.Release|Any CPU.ActiveCfg = Release|Any CPU
		{2EA6872A-2EA2-4287-8288-E19E86BA009E}.Release|Any CPU.Build.0 = Release|Any CPU
	EndGlobalSection
	GlobalSection(SolutionProperties) = preSolution
		HideSolutionNode = FALSE
	EndGlobalSection
	GlobalSection(ExtensibilityGlobals) = postSolution
		SolutionGuid = {46113B02-8B60-4AB3-A800-749D9F904C0D}
	EndGlobalSection
EndGlobal
